
Microsoft Visual Studio Solution File, Format Version 12.00
Project("{FAE04EC0-301F-11D3-BF4B-00C04F79EFBC}") = "DynamicCatchAllRouteDemo", "DynamicCatchAllRouteDemo.csproj", "{1649A159-ACC1-450C-9A85-24CF6231FCCC}"
EndProject
Global
	GlobalSection(SolutionConfigurationPlatforms) = preSolution
		Debug|Any CPU = Debug|Any CPU
		Release|Any CPU = Release|Any CPU
	EndGlobalSection
	GlobalSection(ProjectConfigurationPlatforms) = postSolution
		{1649A159-ACC1-450C-9A85-24CF6231FCCC}.Debug|Any CPU.ActiveCfg = Debug|Any CPU
		{1649A159-ACC1-450C-9A85-24CF6231FCCC}.Debug|Any CPU.Build.0 = Debug|Any CPU
		{1649A159-ACC1-450C-9A85-24CF6231FCCC}.Release|Any CPU.ActiveCfg = Release|Any CPU
		{1649A159-ACC1-450C-9A85-24CF6231FCCC}.Release|Any CPU.Build.0 = Release|Any CPU
	EndGlobalSection
EndGlobal
